
Microsoft Visual Studio Solution File, Format Version 12.00
# Visual Studio Version 16
VisualStudioVersion = 16.0.34114.132
MinimumVisualStudioVersion = 10.0.40219.1
Project("{FAE04EC0-301F-11D3-BF4B-00C04F79EFBC}") = "ObsWebApp", "ObsWebApp\ObsWebApp.csproj", "{16755FF1-1159-4D53-BC85-E3F7D81367CC}"
EndProject
Global
	GlobalSection(SolutionConfigurationPlatforms) = preSolution
		Debug|Any CPU = Debug|Any CPU
		Release|Any CPU = Release|Any CPU
	EndGlobalSection
	GlobalSection(ProjectConfigurationPlatforms) = postSolution
		{16755FF1-1159-4D53-BC85-E3F7D81367CC}.Debug|Any CPU.ActiveCfg = Debug|Any CPU
		{16755FF1-1159-4D53-BC85-E3F7D81367CC}.Debug|Any CPU.Build.0 = Debug|Any CPU
		{16755FF1-1159-4D53-BC85-E3F7D81367CC}.Release|Any CPU.ActiveCfg = Release|Any CPU
		{16755FF1-1159-4D53-BC85-E3F7D81367CC}.Release|Any CPU.Build.0 = Release|Any CPU
	EndGlobalSection
	GlobalSection(SolutionProperties) = preSolution
		HideSolutionNode = FALSE
	EndGlobalSection
	GlobalSection(ExtensibilityGlobals) = postSolution
		SolutionGuid = {24069702-A9D4-419B-9080-B5BA10771760}
	EndGlobalSection
EndGlobal
